
Microsoft Visual Studio Solution File, Format Version 12.00
# Visual Studio Version 16
VisualStudioVersion = 16.0.29306.81
MinimumVisualStudioVersion = 10.0.40219.1
Project("{FAE04EC0-301F-11D3-BF4B-00C04F79EFBC}") = "BookCatalogTestProject", "BookCatalogTestProject\BookCatalogTestProject.csproj", "{651D7214-DB13-4D9C-825C-ADA10C8CAFA5}"
EndProject
Project("{00D1A9C2-B5F0-4AF3-8072-F6C62B433612}") = "BookCatalogTestProject.Database", "BookCatalogTestProject.Database\BookCatalogTestProject.Database.sqlproj", "{B9A53B11-C1F0-4CB4-ADBC-44A60416B1FE}"
EndProject
Project("{FAE04EC0-301F-11D3-BF4B-00C04F79EFBC}") = "BookCatalogTestProject.Data.Entity", "BookCatalogTestProject.Data.Entity\BookCatalogTestProject.Data.Entity.csproj", "{B56279CD-B54E-4935-8F63-8317AF3F54CD}"
EndProject
Project("{FAE04EC0-301F-11D3-BF4B-00C04F79EFBC}") = "BookCatalogTestProject.Data", "BookCatalogTestProject.Data\BookCatalogTestProject.Data.csproj", "{91AE972E-8891-4216-8D30-6521CE6993B8}"
EndProject
Project("{FAE04EC0-301F-11D3-BF4B-00C04F79EFBC}") = "BookCatalogTestProject.Interfaces", "BookCatalogTestProject.Interfaces\BookCatalogTestProject.Interfaces.csproj", "{88656D11-1956-4693-9D21-0BB1E9B6AD2B}"
EndProject
Global
	GlobalSection(SolutionConfigurationPlatforms) = preSolution
		Debug|Any CPU = Debug|Any CPU
		Release|Any CPU = Release|Any CPU
	EndGlobalSection
	GlobalSection(ProjectConfigurationPlatforms) = postSolution
		{651D7214-DB13-4D9C-825C-ADA10C8CAFA5}.Debug|Any CPU.ActiveCfg = Debug|Any CPU
		{651D7214-DB13-4D9C-825C-ADA10C8CAFA5}.Debug|Any CPU.Build.0 = Debug|Any CPU
		{651D7214-DB13-4D9C-825C-ADA10C8CAFA5}.Release|Any CPU.ActiveCfg = Release|Any CPU
		{651D7214-DB13-4D9C-825C-ADA10C8CAFA5}.Release|Any CPU.Build.0 = Release|Any CPU
		{B9A53B11-C1F0-4CB4-ADBC-44A60416B1FE}.Debug|Any CPU.ActiveCfg = Debug|Any CPU
		{B9A53B11-C1F0-4CB4-ADBC-44A60416B1FE}.Debug|Any CPU.Build.0 = Debug|Any CPU
		{B9A53B11-C1F0-4CB4-ADBC-44A60416B1FE}.Debug|Any CPU.Deploy.0 = Debug|Any CPU
		{B9A53B11-C1F0-4CB4-ADBC-44A60416B1FE}.Release|Any CPU.ActiveCfg = Release|Any CPU
		{B9A53B11-C1F0-4CB4-ADBC-44A60416B1FE}.Release|Any CPU.Build.0 = Release|Any CPU
		{B9A53B11-C1F0-4CB4-ADBC-44A60416B1FE}.Release|Any CPU.Deploy.0 = Release|Any CPU
		{B56279CD-B54E-4935-8F63-8317AF3F54CD}.Debug|Any CPU.ActiveCfg = Debug|Any CPU
		{B56279CD-B54E-4935-8F63-8317AF3F54CD}.Debug|Any CPU.Build.0 = Debug|Any CPU
		{B56279CD-B54E-4935-8F63-8317AF3F54CD}.Release|Any CPU.ActiveCfg = Release|Any CPU
		{B56279CD-B54E-4935-8F63-8317AF3F54CD}.Release|Any CPU.Build.0 = Release|Any CPU
		{91AE972E-8891-4216-8D30-6521CE6993B8}.Debug|Any CPU.ActiveCfg = Debug|Any CPU
		{91AE972E-8891-4216-8D30-6521CE6993B8}.Debug|Any CPU.Build.0 = Debug|Any CPU
		{91AE972E-8891-4216-8D30-6521CE6993B8}.Release|Any CPU.ActiveCfg = Release|Any CPU
		{91AE972E-8891-4216-8D30-6521CE6993B8}.Release|Any CPU.Build.0 = Release|Any CPU
		{88656D11-1956-4693-9D21-0BB1E9B6AD2B}.Debug|Any CPU.ActiveCfg = Debug|Any CPU
		{88656D11-1956-4693-9D21-0BB1E9B6AD2B}.Debug|Any CPU.Build.0 = Debug|Any CPU
		{88656D11-1956-4693-9D21-0BB1E9B6AD2B}.Release|Any CPU.ActiveCfg = Release|Any CPU
		{88656D11-1956-4693-9D21-0BB1E9B6AD2B}.Release|Any CPU.Build.0 = Release|Any CPU
	EndGlobalSection
	GlobalSection(SolutionProperties) = preSolution
		HideSolutionNode = FALSE
	EndGlobalSection
	GlobalSection(ExtensibilityGlobals) = postSolution
		SolutionGuid = {CEEDBF9B-773F-4B2C-96DC-1CF00DABBE96}
	EndGlobalSection
EndGlobal
