
Microsoft Visual Studio Solution File, Format Version 12.00
# Visual Studio Version 16
VisualStudioVersion = 16.0.29306.81
MinimumVisualStudioVersion = 10.0.40219.1
Project("{FAE04EC0-301F-11D3-BF4B-00C04F79EFBC}") = "BookCatalogTestProject", "BookCatalogTestProject\BookCatalogTestProject.csproj", "{651D7214-DB13-4D9C-825C-ADA10C8CAFA5}"
EndProject
Global
	GlobalSection(SolutionConfigurationPlatforms) = preSolution
		Debug|Any CPU = Debug|Any CPU
		Release|Any CPU = Release|Any CPU
	EndGlobalSection
	GlobalSection(ProjectConfigurationPlatforms) = postSolution
		{651D7214-DB13-4D9C-825C-ADA10C8CAFA5}.Debug|Any CPU.ActiveCfg = Debug|Any CPU
		{651D7214-DB13-4D9C-825C-ADA10C8CAFA5}.Debug|Any CPU.Build.0 = Debug|Any CPU
		{651D7214-DB13-4D9C-825C-ADA10C8CAFA5}.Release|Any CPU.ActiveCfg = Release|Any CPU
		{651D7214-DB13-4D9C-825C-ADA10C8CAFA5}.Release|Any CPU.Build.0 = Release|Any CPU
	EndGlobalSection
	GlobalSection(SolutionProperties) = preSolution
		HideSolutionNode = FALSE
	EndGlobalSection
	GlobalSection(ExtensibilityGlobals) = postSolution
		SolutionGuid = {CEEDBF9B-773F-4B2C-96DC-1CF00DABBE96}
	EndGlobalSection
EndGlobal
